
Microsoft Visual Studio Solution File, Format Version 12.00
# Visual Studio Version 17
VisualStudioVersion = 17.5.33516.290
MinimumVisualStudioVersion = 10.0.40219.1
Project("{F184B08F-C81C-45F6-A57F-5ABD9991F28F}") = "GUI5", "GUI5\GUI5.vbproj", "{E48A2622-B9EE-45E8-A6B8-24F0B6EA9C30}"
EndProject
Global
	GlobalSection(SolutionConfigurationPlatforms) = preSolution
		Debug|Any CPU = Debug|Any CPU
		Release|Any CPU = Release|Any CPU
	EndGlobalSection
	GlobalSection(ProjectConfigurationPlatforms) = postSolution
		{E48A2622-B9EE-45E8-A6B8-24F0B6EA9C30}.Debug|Any CPU.ActiveCfg = Debug|Any CPU
		{E48A2622-B9EE-45E8-A6B8-24F0B6EA9C30}.Debug|Any CPU.Build.0 = Debug|Any CPU
		{E48A2622-B9EE-45E8-A6B8-24F0B6EA9C30}.Release|Any CPU.ActiveCfg = Release|Any CPU
		{E48A2622-B9EE-45E8-A6B8-24F0B6EA9C30}.Release|Any CPU.Build.0 = Release|Any CPU
	EndGlobalSection
	GlobalSection(SolutionProperties) = preSolution
		HideSolutionNode = FALSE
	EndGlobalSection
	GlobalSection(ExtensibilityGlobals) = postSolution
		SolutionGuid = {0549BE9B-1DDC-4849-A3F3-18D71EE73EB7}
	EndGlobalSection
EndGlobal
