
Microsoft Visual Studio Solution File, Format Version 12.00
# Visual Studio Express 2013 for Windows Desktop
VisualStudioVersion = 12.0.21005.1
MinimumVisualStudioVersion = 10.0.40219.1
Project("{F184B08F-C81C-45F6-A57F-5ABD9991F28F}") = "Entscheidungen", "Entscheidungen\Entscheidungen.vbproj", "{AFB19877-5256-475F-9EB0-D413EB03ACF7}"
EndProject
Global
	GlobalSection(SolutionConfigurationPlatforms) = preSolution
		Debug|Any CPU = Debug|Any CPU
		Release|Any CPU = Release|Any CPU
	EndGlobalSection
	GlobalSection(ProjectConfigurationPlatforms) = postSolution
		{AFB19877-5256-475F-9EB0-D413EB03ACF7}.Debug|Any CPU.ActiveCfg = Debug|Any CPU
		{AFB19877-5256-475F-9EB0-D413EB03ACF7}.Debug|Any CPU.Build.0 = Debug|Any CPU
		{AFB19877-5256-475F-9EB0-D413EB03ACF7}.Release|Any CPU.ActiveCfg = Release|Any CPU
		{AFB19877-5256-475F-9EB0-D413EB03ACF7}.Release|Any CPU.Build.0 = Release|Any CPU
	EndGlobalSection
	GlobalSection(SolutionProperties) = preSolution
		HideSolutionNode = FALSE
	EndGlobalSection
EndGlobal
